{
  "name": "wr-api-suite-infrastructure",
  "version": "0.1.0",
  "lockfileVersion": 3,
  "requires": true,
  "packages": {
    "": {
      "name": "wr-api-suite-infrastructure",
      "version": "0.1.0",
      "dependencies": {
        "aws-cdk-lib": "^2.148.0",
        "constructs": "^10.3.0"
      },
      "devDependencies": {
        "ts-node": "^10.9.2",
        "typescript": "^5.4.5",
        "@types/node": "^20.12.7"
      }
    }
  }
}
